
Microsoft Visual Studio Solution File, Format Version 12.00
# Visual Studio Version 17
VisualStudioVersion = 17.9.34723.18
MinimumVisualStudioVersion = 10.0.40219.1
Project("{9A19103F-16F7-4668-BE54-9A1E7A4F7556}") = "WebMVC", "WebMVC.csproj", "{125A1F22-36E2-4EF7-B5A2-E375B75CF980}"
EndProject
Global
	GlobalSection(SolutionConfigurationPlatforms) = preSolution
		Debug|Any CPU = Debug|Any CPU
		Release|Any CPU = Release|Any CPU
	EndGlobalSection
	GlobalSection(ProjectConfigurationPlatforms) = postSolution
		{125A1F22-36E2-4EF7-B5A2-E375B75CF980}.Debug|Any CPU.ActiveCfg = Debug|Any CPU
		{125A1F22-36E2-4EF7-B5A2-E375B75CF980}.Debug|Any CPU.Build.0 = Debug|Any CPU
		{125A1F22-36E2-4EF7-B5A2-E375B75CF980}.Release|Any CPU.ActiveCfg = Release|Any CPU
		{125A1F22-36E2-4EF7-B5A2-E375B75CF980}.Release|Any CPU.Build.0 = Release|Any CPU
	EndGlobalSection
	GlobalSection(SolutionProperties) = preSolution
		HideSolutionNode = FALSE
	EndGlobalSection
	GlobalSection(ExtensibilityGlobals) = postSolution
		SolutionGuid = {8E6B4A8D-67B5-46AC-BD71-B23423A5D364}
	EndGlobalSection
EndGlobal
